// !$*UTF8*$!
{
	archiveVersion = 1;
	classes = {
	};
	objectVersion = 56;
	objects = {

/* Begin PBXBuildFile section */
		E36F946A2C2D6A96003CDA7B /* Task Struct.swift in Sources */ = {isa = PBXBuildFile; fileRef = E36F94692C2D6A96003CDA7B /* Task Struct.swift */; };
		E376C26A2C2A98B6007BB6D2 /* HomeView.swift in Sources */ = {isa = PBXBuildFile; fileRef = E376C2692C2A98B6007BB6D2 /* HomeView.swift */; };
		E39B6DB82C284351005D8DFE /* HomeScreenView.swift in Sources */ = {isa = PBXBuildFile; fileRef = E39B6DB72C284351005D8DFE /* HomeScreenView.swift */; };
		E39B6DBE2C285C6F005D8DFE /* EditPageController.swift in Sources */ = {isa = PBXBuildFile; fileRef = E39B6DBD2C285C6F005D8DFE /* EditPageController.swift */; };
		E3AD581A2C26D1CB008D1AD6 /* AppDelegate.swift in Sources */ = {isa = PBXBuildFile; fileRef = E3AD58192C26D1CB008D1AD6 /* AppDelegate.swift */; };
		E3AD581C2C26D1CB008D1AD6 /* SceneDelegate.swift in Sources */ = {isa = PBXBuildFile; fileRef = E3AD581B2C26D1CB008D1AD6 /* SceneDelegate.swift */; };
		E3AD581E2C26D1CB008D1AD6 /* ViewController.swift in Sources */ = {isa = PBXBuildFile; fileRef = E3AD581D2C26D1CB008D1AD6 /* ViewController.swift */; };
		E3AD58232C26D1CE008D1AD6 /* Assets.xcassets in Resources */ = {isa = PBXBuildFile; fileRef = E3AD58222C26D1CE008D1AD6 /* Assets.xcassets */; };
		E3AD58262C26D1CE008D1AD6 /* LaunchScreen.storyboard in Resources */ = {isa = PBXBuildFile; fileRef = E3AD58242C26D1CE008D1AD6 /* LaunchScreen.storyboard */; };
		E3AD58332C26D4FC008D1AD6 /* SnapKit in Frameworks */ = {isa = PBXBuildFile; productRef = E3AD58322C26D4FC008D1AD6 /* SnapKit */; };
		E3AD58352C26D4FC008D1AD6 /* SnapKit-Dynamic in Frameworks */ = {isa = PBXBuildFile; productRef = E3AD58342C26D4FC008D1AD6 /* SnapKit-Dynamic */; };
		E3AD58382C26D57E008D1AD6 /* OnBoardingData.swift in Sources */ = {isa = PBXBuildFile; fileRef = E3AD58372C26D57E008D1AD6 /* OnBoardingData.swift */; };
		E3AD583B2C26D81E008D1AD6 /* UIColor+Extension.swift in Sources */ = {isa = PBXBuildFile; fileRef = E3AD583A2C26D81E008D1AD6 /* UIColor+Extension.swift */; };
		E3AD583E2C26DAA6008D1AD6 /* OnboardingCell.swift in Sources */ = {isa = PBXBuildFile; fileRef = E3AD583D2C26DAA6008D1AD6 /* OnboardingCell.swift */; };
		E3AD58452C26DCA0008D1AD6 /* Lato-Black.ttf in Resources */ = {isa = PBXBuildFile; fileRef = E3AD58412C26DC9F008D1AD6 /* Lato-Black.ttf */; };
		E3AD58462C26DCA0008D1AD6 /* Lato-Thin.ttf in Resources */ = {isa = PBXBuildFile; fileRef = E3AD58422C26DCA0008D1AD6 /* Lato-Thin.ttf */; };
		E3AD58472C26DCA0008D1AD6 /* Lato-Bold.ttf in Resources */ = {isa = PBXBuildFile; fileRef = E3AD58432C26DCA0008D1AD6 /* Lato-Bold.ttf */; };
		E3AD58482C26DCA0008D1AD6 /* Lato-Regular.ttf in Resources */ = {isa = PBXBuildFile; fileRef = E3AD58442C26DCA0008D1AD6 /* Lato-Regular.ttf */; };
		E3AD584A2C26DD2E008D1AD6 /* UIFont+Extansion.swift in Sources */ = {isa = PBXBuildFile; fileRef = E3AD58492C26DD2E008D1AD6 /* UIFont+Extansion.swift */; };
		E3EB553E2C29D9EA0088914C /* CustomViewCell.swift in Sources */ = {isa = PBXBuildFile; fileRef = E3EB553D2C29D9EA0088914C /* CustomViewCell.swift */; };
		E3EB55412C29ECE40088914C /* Constraints.swift in Sources */ = {isa = PBXBuildFile; fileRef = E3EB55402C29ECE40088914C /* Constraints.swift */; };
/* End PBXBuildFile section */

/* Begin PBXFileReference section */
		E36F94692C2D6A96003CDA7B /* Task Struct.swift */ = {isa = PBXFileReference; lastKnownFileType = sourcecode.swift; path = "Task Struct.swift"; sourceTree = "<group>"; };
		E376C2692C2A98B6007BB6D2 /* HomeView.swift */ = {isa = PBXFileReference; lastKnownFileType = sourcecode.swift; path = HomeView.swift; sourceTree = "<group>"; };
		E39B6DB72C284351005D8DFE /* HomeScreenView.swift */ = {isa = PBXFileReference; lastKnownFileType = sourcecode.swift; path = HomeScreenView.swift; sourceTree = "<group>"; };
		E39B6DBD2C285C6F005D8DFE /* EditPageController.swift */ = {isa = PBXFileReference; lastKnownFileType = sourcecode.swift; path = EditPageController.swift; sourceTree = "<group>"; };
		E3AD58162C26D1CB008D1AD6 /* Project 34 გიორგი მაჩაბლიშვილი.app */ = {isa = PBXFileReference; explicitFileType = wrapper.application; includeInIndex = 0; path = "Project 34 გიორგი მაჩაბლიშვილი.app"; sourceTree = BUILT_PRODUCTS_DIR; };
		E3AD58192C26D1CB008D1AD6 /* AppDelegate.swift */ = {isa = PBXFileReference; lastKnownFileType = sourcecode.swift; path = AppDelegate.swift; sourceTree = "<group>"; };
		E3AD581B2C26D1CB008D1AD6 /* SceneDelegate.swift */ = {isa = PBXFileReference; lastKnownFileType = sourcecode.swift; path = SceneDelegate.swift; sourceTree = "<group>"; };
		E3AD581D2C26D1CB008D1AD6 /* ViewController.swift */ = {isa = PBXFileReference; lastKnownFileType = sourcecode.swift; path = ViewController.swift; sourceTree = "<group>"; };
		E3AD58222C26D1CE008D1AD6 /* Assets.xcassets */ = {isa = PBXFileReference; lastKnownFileType = folder.assetcatalog; path = Assets.xcassets; sourceTree = "<group>"; };
		E3AD58252C26D1CE008D1AD6 /* Base */ = {isa = PBXFileReference; lastKnownFileType = file.storyboard; name = Base; path = Base.lproj/LaunchScreen.storyboard; sourceTree = "<group>"; };
		E3AD58272C26D1CE008D1AD6 /* Info.plist */ = {isa = PBXFileReference; lastKnownFileType = text.plist.xml; path = Info.plist; sourceTree = "<group>"; };
		E3AD58372C26D57E008D1AD6 /* OnBoardingData.swift */ = {isa = PBXFileReference; lastKnownFileType = sourcecode.swift; path = OnBoardingData.swift; sourceTree = "<group>"; };
		E3AD583A2C26D81E008D1AD6 /* UIColor+Extension.swift */ = {isa = PBXFileReference; lastKnownFileType = sourcecode.swift; path = "UIColor+Extension.swift"; sourceTree = "<group>"; };
		E3AD583D2C26DAA6008D1AD6 /* OnboardingCell.swift */ = {isa = PBXFileReference; lastKnownFileType = sourcecode.swift; path = OnboardingCell.swift; sourceTree = "<group>"; };
		E3AD58412C26DC9F008D1AD6 /* Lato-Black.ttf */ = {isa = PBXFileReference; lastKnownFileType = file; path = "Lato-Black.ttf"; sourceTree = "<group>"; };
		E3AD58422C26DCA0008D1AD6 /* Lato-Thin.ttf */ = {isa = PBXFileReference; lastKnownFileType = file; path = "Lato-Thin.ttf"; sourceTree = "<group>"; };
		E3AD58432C26DCA0008D1AD6 /* Lato-Bold.ttf */ = {isa = PBXFileReference; lastKnownFileType = file; path = "Lato-Bold.ttf"; sourceTree = "<group>"; };
		E3AD58442C26DCA0008D1AD6 /* Lato-Regular.ttf */ = {isa = PBXFileReference; lastKnownFileType = file; path = "Lato-Regular.ttf"; sourceTree = "<group>"; };
		E3AD58492C26DD2E008D1AD6 /* UIFont+Extansion.swift */ = {isa = PBXFileReference; lastKnownFileType = sourcecode.swift; path = "UIFont+Extansion.swift"; sourceTree = "<group>"; };
		E3EB553D2C29D9EA0088914C /* CustomViewCell.swift */ = {isa = PBXFileReference; lastKnownFileType = sourcecode.swift; path = CustomViewCell.swift; sourceTree = "<group>"; };
		E3EB55402C29ECE40088914C /* Constraints.swift */ = {isa = PBXFileReference; lastKnownFileType = sourcecode.swift; path = Constraints.swift; sourceTree = "<group>"; };
/* End PBXFileReference section */

/* Begin PBXFrameworksBuildPhase section */
		E3AD58132C26D1CB008D1AD6 /* Frameworks */ = {
			isa = PBXFrameworksBuildPhase;
			buildActionMask = 2147483647;
			files = (
				E3AD58332C26D4FC008D1AD6 /* SnapKit in Frameworks */,
				E3AD58352C26D4FC008D1AD6 /* SnapKit-Dynamic in Frameworks */,
			);
			runOnlyForDeploymentPostprocessing = 0;
		};
/* End PBXFrameworksBuildPhase section */

/* Begin PBXGroup section */
		E36F94682C2D6A70003CDA7B /* Task Struckt */ = {
			isa = PBXGroup;
			children = (
				E36F94692C2D6A96003CDA7B /* Task Struct.swift */,
			);
			path = "Task Struckt";
			sourceTree = "<group>";
		};
		E376C2682C2A9894007BB6D2 /* Home Screen View */ = {
			isa = PBXGroup;
			children = (
				E376C2692C2A98B6007BB6D2 /* HomeView.swift */,
			);
			path = "Home Screen View";
			sourceTree = "<group>";
		};
		E39B6DB62C284333005D8DFE /* Home Screen */ = {
			isa = PBXGroup;
			children = (
				E3EB553C2C29D9CA0088914C /* CustomViewCell */,
				E376C2682C2A9894007BB6D2 /* Home Screen View */,
				E39B6DB92C285BB9005D8DFE /* HomeScreenController */,
			);
			path = "Home Screen";
			sourceTree = "<group>";
		};
		E39B6DB92C285BB9005D8DFE /* HomeScreenController */ = {
			isa = PBXGroup;
			children = (
				E39B6DB72C284351005D8DFE /* HomeScreenView.swift */,
			);
			path = HomeScreenController;
			sourceTree = "<group>";
		};
		E39B6DBA2C285BDA005D8DFE /* EditPage */ = {
			isa = PBXGroup;
			children = (
				E39B6DBD2C285C6F005D8DFE /* EditPageController.swift */,
			);
			path = EditPage;
			sourceTree = "<group>";
		};
		E3AD580D2C26D1CB008D1AD6 = {
			isa = PBXGroup;
			children = (
				E3AD58182C26D1CB008D1AD6 /* Project 34 გიორგი მაჩაბლიშვილი */,
				E3AD58172C26D1CB008D1AD6 /* Products */,
			);
			sourceTree = "<group>";
		};
		E3AD58172C26D1CB008D1AD6 /* Products */ = {
			isa = PBXGroup;
			children = (
				E3AD58162C26D1CB008D1AD6 /* Project 34 გიორგი მაჩაბლიშვილი.app */,
			);
			name = Products;
			sourceTree = "<group>";
		};
		E3AD58182C26D1CB008D1AD6 /* Project 34 გიორგი მაჩაბლიშვილი */ = {
			isa = PBXGroup;
			children = (
				E3AD582D2C26D1F4008D1AD6 /* App */,
				E3AD582E2C26D247008D1AD6 /* Scenes */,
				E3AD58302C26D49D008D1AD6 /* Domain */,
				E3AD583F2C26DC47008D1AD6 /* Resources */,
				E3AD58272C26D1CE008D1AD6 /* Info.plist */,
			);
			path = "Project 34 გიორგი მაჩაბლიშვილი";
			sourceTree = "<group>";
		};
		E3AD582D2C26D1F4008D1AD6 /* App */ = {
			isa = PBXGroup;
			children = (
				E3AD58192C26D1CB008D1AD6 /* AppDelegate.swift */,
				E3AD581B2C26D1CB008D1AD6 /* SceneDelegate.swift */,
			);
			path = App;
			sourceTree = "<group>";
		};
		E3AD582E2C26D247008D1AD6 /* Scenes */ = {
			isa = PBXGroup;
			children = (
				E3AD582F2C26D464008D1AD6 /* OnBoarding */,
				E39B6DB62C284333005D8DFE /* Home Screen */,
				E39B6DBA2C285BDA005D8DFE /* EditPage */,
			);
			path = Scenes;
			sourceTree = "<group>";
		};
		E3AD582F2C26D464008D1AD6 /* OnBoarding */ = {
			isa = PBXGroup;
			children = (
				E3AD581D2C26D1CB008D1AD6 /* ViewController.swift */,
				E3AD583C2C26DA68008D1AD6 /* Collection View Cell */,
			);
			path = OnBoarding;
			sourceTree = "<group>";
		};
		E3AD58302C26D49D008D1AD6 /* Domain */ = {
			isa = PBXGroup;
			children = (
				E36F94682C2D6A70003CDA7B /* Task Struckt */,
				E3AD58362C26D54A008D1AD6 /* Api struct */,
			);
			path = Domain;
			sourceTree = "<group>";
		};
		E3AD58362C26D54A008D1AD6 /* Api struct */ = {
			isa = PBXGroup;
			children = (
				E3AD58372C26D57E008D1AD6 /* OnBoardingData.swift */,
			);
			path = "Api struct";
			sourceTree = "<group>";
		};
		E3AD58392C26D7F1008D1AD6 /* Extension */ = {
			isa = PBXGroup;
			children = (
				E3AD583A2C26D81E008D1AD6 /* UIColor+Extension.swift */,
				E3AD58492C26DD2E008D1AD6 /* UIFont+Extansion.swift */,
			);
			path = Extension;
			sourceTree = "<group>";
		};
		E3AD583C2C26DA68008D1AD6 /* Collection View Cell */ = {
			isa = PBXGroup;
			children = (
				E3AD583D2C26DAA6008D1AD6 /* OnboardingCell.swift */,
			);
			path = "Collection View Cell";
			sourceTree = "<group>";
		};
		E3AD583F2C26DC47008D1AD6 /* Resources */ = {
			isa = PBXGroup;
			children = (
				E3AD58402C26DC56008D1AD6 /* Fonts */,
				E3AD58392C26D7F1008D1AD6 /* Extension */,
				E3EB553F2C29ECBE0088914C /* Helper */,
				E3AD58242C26D1CE008D1AD6 /* LaunchScreen.storyboard */,
				E3AD58222C26D1CE008D1AD6 /* Assets.xcassets */,
			);
			path = Resources;
			sourceTree = "<group>";
		};
		E3AD58402C26DC56008D1AD6 /* Fonts */ = {
			isa = PBXGroup;
			children = (
				E3AD58412C26DC9F008D1AD6 /* Lato-Black.ttf */,
				E3AD58432C26DCA0008D1AD6 /* Lato-Bold.ttf */,
				E3AD58442C26DCA0008D1AD6 /* Lato-Regular.ttf */,
				E3AD58422C26DCA0008D1AD6 /* Lato-Thin.ttf */,
			);
			path = Fonts;
			sourceTree = "<group>";
		};
		E3EB553C2C29D9CA0088914C /* CustomViewCell */ = {
			isa = PBXGroup;
			children = (
				E3EB553D2C29D9EA0088914C /* CustomViewCell.swift */,
			);
			path = CustomViewCell;
			sourceTree = "<group>";
		};
		E3EB553F2C29ECBE0088914C /* Helper */ = {
			isa = PBXGroup;
			children = (
				E3EB55402C29ECE40088914C /* Constraints.swift */,
			);
			path = Helper;
			sourceTree = "<group>";
		};
/* End PBXGroup section */

/* Begin PBXNativeTarget section */
		E3AD58152C26D1CB008D1AD6 /* Project 34 გიორგი მაჩაბლიშვილი */ = {
			isa = PBXNativeTarget;
			buildConfigurationList = E3AD582A2C26D1CE008D1AD6 /* Build configuration list for PBXNativeTarget "Project 34 გიორგი მაჩაბლიშვილი" */;
			buildPhases = (
				E3AD58122C26D1CB008D1AD6 /* Sources */,
				E3AD58132C26D1CB008D1AD6 /* Frameworks */,
				E3AD58142C26D1CB008D1AD6 /* Resources */,
			);
			buildRules = (
			);
			dependencies = (
			);
			name = "Project 34 გიორგი მაჩაბლიშვილი";
			packageProductDependencies = (
				E3AD58322C26D4FC008D1AD6 /* SnapKit */,
				E3AD58342C26D4FC008D1AD6 /* SnapKit-Dynamic */,
			);
			productName = "Project 34 გიორგი მაჩაბლიშვილი";
			productReference = E3AD58162C26D1CB008D1AD6 /* Project 34 გიორგი მაჩაბლიშვილი.app */;
			productType = "com.apple.product-type.application";
		};
/* End PBXNativeTarget section */

/* Begin PBXProject section */
		E3AD580E2C26D1CB008D1AD6 /* Project object */ = {
			isa = PBXProject;
			attributes = {
				BuildIndependentTargetsInParallel = 1;
				LastSwiftUpdateCheck = 1520;
				LastUpgradeCheck = 1520;
				TargetAttributes = {
					E3AD58152C26D1CB008D1AD6 = {
						CreatedOnToolsVersion = 15.2;
					};
				};
			};
			buildConfigurationList = E3AD58112C26D1CB008D1AD6 /* Build configuration list for PBXProject "Project 34 გიორგი მაჩაბლიშვილი" */;
			compatibilityVersion = "Xcode 14.0";
			developmentRegion = en;
			hasScannedForEncodings = 0;
			knownRegions = (
				en,
				Base,
			);
			mainGroup = E3AD580D2C26D1CB008D1AD6;
			packageReferences = (
				E3AD58312C26D4FC008D1AD6 /* XCRemoteSwiftPackageReference "SnapKit" */,
			);
			productRefGroup = E3AD58172C26D1CB008D1AD6 /* Products */;
			projectDirPath = "";
			projectRoot = "";
			targets = (
				E3AD58152C26D1CB008D1AD6 /* Project 34 გიორგი მაჩაბლიშვილი */,
			);
		};
/* End PBXProject section */

/* Begin PBXResourcesBuildPhase section */
		E3AD58142C26D1CB008D1AD6 /* Resources */ = {
			isa = PBXResourcesBuildPhase;
			buildActionMask = 2147483647;
			files = (
				E3AD58262C26D1CE008D1AD6 /* LaunchScreen.storyboard in Resources */,
				E3AD58482C26DCA0008D1AD6 /* Lato-Regular.ttf in Resources */,
				E3AD58472C26DCA0008D1AD6 /* Lato-Bold.ttf in Resources */,
				E3AD58462C26DCA0008D1AD6 /* Lato-Thin.ttf in Resources */,
				E3AD58452C26DCA0008D1AD6 /* Lato-Black.ttf in Resources */,
				E3AD58232C26D1CE008D1AD6 /* Assets.xcassets in Resources */,
			);
			runOnlyForDeploymentPostprocessing = 0;
		};
/* End PBXResourcesBuildPhase section */

/* Begin PBXSourcesBuildPhase section */
		E3AD58122C26D1CB008D1AD6 /* Sources */ = {
			isa = PBXSourcesBuildPhase;
			buildActionMask = 2147483647;
			files = (
				E3AD58382C26D57E008D1AD6 /* OnBoardingData.swift in Sources */,
				E3EB553E2C29D9EA0088914C /* CustomViewCell.swift in Sources */,
				E3AD581E2C26D1CB008D1AD6 /* ViewController.swift in Sources */,
				E39B6DBE2C285C6F005D8DFE /* EditPageController.swift in Sources */,
				E3EB55412C29ECE40088914C /* Constraints.swift in Sources */,
				E3AD583E2C26DAA6008D1AD6 /* OnboardingCell.swift in Sources */,
				E39B6DB82C284351005D8DFE /* HomeScreenView.swift in Sources */,
				E3AD581A2C26D1CB008D1AD6 /* AppDelegate.swift in Sources */,
				E3AD581C2C26D1CB008D1AD6 /* SceneDelegate.swift in Sources */,
				E376C26A2C2A98B6007BB6D2 /* HomeView.swift in Sources */,
				E3AD584A2C26DD2E008D1AD6 /* UIFont+Extansion.swift in Sources */,
				E3AD583B2C26D81E008D1AD6 /* UIColor+Extension.swift in Sources */,
				E36F946A2C2D6A96003CDA7B /* Task Struct.swift in Sources */,
			);
			runOnlyForDeploymentPostprocessing = 0;
		};
/* End PBXSourcesBuildPhase section */

/* Begin PBXVariantGroup section */
		E3AD58242C26D1CE008D1AD6 /* LaunchScreen.storyboard */ = {
			isa = PBXVariantGroup;
			children = (
				E3AD58252C26D1CE008D1AD6 /* Base */,
			);
			name = LaunchScreen.storyboard;
			sourceTree = "<group>";
		};
/* End PBXVariantGroup section */

/* Begin XCBuildConfiguration section */
		E3AD58282C26D1CE008D1AD6 /* Debug */ = {
			isa = XCBuildConfiguration;
			buildSettings = {
				ALWAYS_SEARCH_USER_PATHS = NO;
				ASSETCATALOG_COMPILER_GENERATE_SWIFT_ASSET_SYMBOL_EXTENSIONS = YES;
				CLANG_ANALYZER_NONNULL = YES;
				CLANG_ANALYZER_NUMBER_OBJECT_CONVERSION = YES_AGGRESSIVE;
				CLANG_CXX_LANGUAGE_STANDARD = "gnu++20";
				CLANG_ENABLE_MODULES = YES;
				CLANG_ENABLE_OBJC_ARC = YES;
				CLANG_ENABLE_OBJC_WEAK = YES;
				CLANG_WARN_BLOCK_CAPTURE_AUTORELEASING = YES;
				CLANG_WARN_BOOL_CONVERSION = YES;
				CLANG_WARN_COMMA = YES;
				CLANG_WARN_CONSTANT_CONVERSION = YES;
				CLANG_WARN_DEPRECATED_OBJC_IMPLEMENTATIONS = YES;
				CLANG_WARN_DIRECT_OBJC_ISA_USAGE = YES_ERROR;
				CLANG_WARN_DOCUMENTATION_COMMENTS = YES;
				CLANG_WARN_EMPTY_BODY = YES;
				CLANG_WARN_ENUM_CONVERSION = YES;
				CLANG_WARN_INFINITE_RECURSION = YES;
				CLANG_WARN_INT_CONVERSION = YES;
				CLANG_WARN_NON_LITERAL_NULL_CONVERSION = YES;
				CLANG_WARN_OBJC_IMPLICIT_RETAIN_SELF = YES;
				CLANG_WARN_OBJC_LITERAL_CONVERSION = YES;
				CLANG_WARN_OBJC_ROOT_CLASS = YES_ERROR;
				CLANG_WARN_QUOTED_INCLUDE_IN_FRAMEWORK_HEADER = YES;
				CLANG_WARN_RANGE_LOOP_ANALYSIS = YES;
				CLANG_WARN_STRICT_PROTOTYPES = YES;
				CLANG_WARN_SUSPICIOUS_MOVE = YES;
				CLANG_WARN_UNGUARDED_AVAILABILITY = YES_AGGRESSIVE;
				CLANG_WARN_UNREACHABLE_CODE = YES;
				CLANG_WARN__DUPLICATE_METHOD_MATCH = YES;
				COPY_PHASE_STRIP = NO;
				DEBUG_INFORMATION_FORMAT = dwarf;
				ENABLE_STRICT_OBJC_MSGSEND = YES;
				ENABLE_TESTABILITY = YES;
				ENABLE_USER_SCRIPT_SANDBOXING = YES;
				GCC_C_LANGUAGE_STANDARD = gnu17;
				GCC_DYNAMIC_NO_PIC = NO;
				GCC_NO_COMMON_BLOCKS = YES;
				GCC_OPTIMIZATION_LEVEL = 0;
				GCC_PREPROCESSOR_DEFINITIONS = (
					"DEBUG=1",
					"$(inherited)",
				);
				GCC_WARN_64_TO_32_BIT_CONVERSION = YES;
				GCC_WARN_ABOUT_RETURN_TYPE = YES_ERROR;
				GCC_WARN_UNDECLARED_SELECTOR = YES;
				GCC_WARN_UNINITIALIZED_AUTOS = YES_AGGRESSIVE;
				GCC_WARN_UNUSED_FUNCTION = YES;
				GCC_WARN_UNUSED_VARIABLE = YES;
				IPHONEOS_DEPLOYMENT_TARGET = 17.2;
				LOCALIZATION_PREFERS_STRING_CATALOGS = YES;
				MTL_ENABLE_DEBUG_INFO = INCLUDE_SOURCE;
				MTL_FAST_MATH = YES;
				ONLY_ACTIVE_ARCH = YES;
				SDKROOT = iphoneos;
				SWIFT_ACTIVE_COMPILATION_CONDITIONS = "DEBUG $(inherited)";
				SWIFT_OPTIMIZATION_LEVEL = "-Onone";
			};
			name = Debug;
		};
		E3AD58292C26D1CE008D1AD6 /* Release */ = {
			isa = XCBuildConfiguration;
			buildSettings = {
				ALWAYS_SEARCH_USER_PATHS = NO;
				ASSETCATALOG_COMPILER_GENERATE_SWIFT_ASSET_SYMBOL_EXTENSIONS = YES;
				CLANG_ANALYZER_NONNULL = YES;
				CLANG_ANALYZER_NUMBER_OBJECT_CONVERSION = YES_AGGRESSIVE;
				CLANG_CXX_LANGUAGE_STANDARD = "gnu++20";
				CLANG_ENABLE_MODULES = YES;
				CLANG_ENABLE_OBJC_ARC = YES;
				CLANG_ENABLE_OBJC_WEAK = YES;
				CLANG_WARN_BLOCK_CAPTURE_AUTORELEASING = YES;
				CLANG_WARN_BOOL_CONVERSION = YES;
				CLANG_WARN_COMMA = YES;
				CLANG_WARN_CONSTANT_CONVERSION = YES;
				CLANG_WARN_DEPRECATED_OBJC_IMPLEMENTATIONS = YES;
				CLANG_WARN_DIRECT_OBJC_ISA_USAGE = YES_ERROR;
				CLANG_WARN_DOCUMENTATION_COMMENTS = YES;
				CLANG_WARN_EMPTY_BODY = YES;
				CLANG_WARN_ENUM_CONVERSION = YES;
				CLANG_WARN_INFINITE_RECURSION = YES;
				CLANG_WARN_INT_CONVERSION = YES;
				CLANG_WARN_NON_LITERAL_NULL_CONVERSION = YES;
				CLANG_WARN_OBJC_IMPLICIT_RETAIN_SELF = YES;
				CLANG_WARN_OBJC_LITERAL_CONVERSION = YES;
				CLANG_WARN_OBJC_ROOT_CLASS = YES_ERROR;
				CLANG_WARN_QUOTED_INCLUDE_IN_FRAMEWORK_HEADER = YES;
				CLANG_WARN_RANGE_LOOP_ANALYSIS = YES;
				CLANG_WARN_STRICT_PROTOTYPES = YES;
				CLANG_WARN_SUSPICIOUS_MOVE = YES;
				CLANG_WARN_UNGUARDED_AVAILABILITY = YES_AGGRESSIVE;
				CLANG_WARN_UNREACHABLE_CODE = YES;
				CLANG_WARN__DUPLICATE_METHOD_MATCH = YES;
				COPY_PHASE_STRIP = NO;
				DEBUG_INFORMATION_FORMAT = "dwarf-with-dsym";
				ENABLE_NS_ASSERTIONS = NO;
				ENABLE_STRICT_OBJC_MSGSEND = YES;
				ENABLE_USER_SCRIPT_SANDBOXING = YES;
				GCC_C_LANGUAGE_STANDARD = gnu17;
				GCC_NO_COMMON_BLOCKS = YES;
				GCC_WARN_64_TO_32_BIT_CONVERSION = YES;
				GCC_WARN_ABOUT_RETURN_TYPE = YES_ERROR;
				GCC_WARN_UNDECLARED_SELECTOR = YES;
				GCC_WARN_UNINITIALIZED_AUTOS = YES_AGGRESSIVE;
				GCC_WARN_UNUSED_FUNCTION = YES;
				GCC_WARN_UNUSED_VARIABLE = YES;
				IPHONEOS_DEPLOYMENT_TARGET = 17.2;
				LOCALIZATION_PREFERS_STRING_CATALOGS = YES;
				MTL_ENABLE_DEBUG_INFO = NO;
				MTL_FAST_MATH = YES;
				SDKROOT = iphoneos;
				SWIFT_COMPILATION_MODE = wholemodule;
				VALIDATE_PRODUCT = YES;
			};
			name = Release;
		};
		E3AD582B2C26D1CE008D1AD6 /* Debug */ = {
			isa = XCBuildConfiguration;
			buildSettings = {
				ASSETCATALOG_COMPILER_APPICON_NAME = AppIcon;
				ASSETCATALOG_COMPILER_GLOBAL_ACCENT_COLOR_NAME = AccentColor;
				CODE_SIGN_STYLE = Automatic;
				CURRENT_PROJECT_VERSION = 1;
				GENERATE_INFOPLIST_FILE = YES;
				INFOPLIST_FILE = "Project 34 გიორგი მაჩაბლიშვილი/Info.plist";
				INFOPLIST_KEY_UIApplicationSupportsIndirectInputEvents = YES;
				INFOPLIST_KEY_UILaunchStoryboardName = LaunchScreen;
				INFOPLIST_KEY_UISupportedInterfaceOrientations_iPad = "UIInterfaceOrientationPortrait UIInterfaceOrientationPortraitUpsideDown UIInterfaceOrientationLandscapeLeft UIInterfaceOrientationLandscapeRight";
				INFOPLIST_KEY_UISupportedInterfaceOrientations_iPhone = "UIInterfaceOrientationPortrait UIInterfaceOrientationLandscapeLeft UIInterfaceOrientationLandscapeRight";
				LD_RUNPATH_SEARCH_PATHS = (
					"$(inherited)",
					"@executable_path/Frameworks",
				);
				MARKETING_VERSION = 1.0;
				PRODUCT_BUNDLE_IDENTIFIER = "-0.Project-34--------------------";
				PRODUCT_NAME = "$(TARGET_NAME)";
				SWIFT_EMIT_LOC_STRINGS = YES;
				SWIFT_VERSION = 5.0;
				TARGETED_DEVICE_FAMILY = "1,2";
			};
			name = Debug;
		};
		E3AD582C2C26D1CE008D1AD6 /* Release */ = {
			isa = XCBuildConfiguration;
			buildSettings = {
				ASSETCATALOG_COMPILER_APPICON_NAME = AppIcon;
				ASSETCATALOG_COMPILER_GLOBAL_ACCENT_COLOR_NAME = AccentColor;
				CODE_SIGN_STYLE = Automatic;
				CURRENT_PROJECT_VERSION = 1;
				GENERATE_INFOPLIST_FILE = YES;
				INFOPLIST_FILE = "Project 34 გიორგი მაჩაბლიშვილი/Info.plist";
				INFOPLIST_KEY_UIApplicationSupportsIndirectInputEvents = YES;
				INFOPLIST_KEY_UILaunchStoryboardName = LaunchScreen;
				INFOPLIST_KEY_UISupportedInterfaceOrientations_iPad = "UIInterfaceOrientationPortrait UIInterfaceOrientationPortraitUpsideDown UIInterfaceOrientationLandscapeLeft UIInterfaceOrientationLandscapeRight";
				INFOPLIST_KEY_UISupportedInterfaceOrientations_iPhone = "UIInterfaceOrientationPortrait UIInterfaceOrientationLandscapeLeft UIInterfaceOrientationLandscapeRight";
				LD_RUNPATH_SEARCH_PATHS = (
					"$(inherited)",
					"@executable_path/Frameworks",
				);
				MARKETING_VERSION = 1.0;
				PRODUCT_BUNDLE_IDENTIFIER = "-0.Project-34--------------------";
				PRODUCT_NAME = "$(TARGET_NAME)";
				SWIFT_EMIT_LOC_STRINGS = YES;
				SWIFT_VERSION = 5.0;
				TARGETED_DEVICE_FAMILY = "1,2";
			};
			name = Release;
		};
/* End XCBuildConfiguration section */

/* Begin XCConfigurationList section */
		E3AD58112C26D1CB008D1AD6 /* Build configuration list for PBXProject "Project 34 გიორგი მაჩაბლიშვილი" */ = {
			isa = XCConfigurationList;
			buildConfigurations = (
				E3AD58282C26D1CE008D1AD6 /* Debug */,
				E3AD58292C26D1CE008D1AD6 /* Release */,
			);
			defaultConfigurationIsVisible = 0;
			defaultConfigurationName = Release;
		};
		E3AD582A2C26D1CE008D1AD6 /* Build configuration list for PBXNativeTarget "Project 34 გიორგი მაჩაბლიშვილი" */ = {
			isa = XCConfigurationList;
			buildConfigurations = (
				E3AD582B2C26D1CE008D1AD6 /* Debug */,
				E3AD582C2C26D1CE008D1AD6 /* Release */,
			);
			defaultConfigurationIsVisible = 0;
			defaultConfigurationName = Release;
		};
/* End XCConfigurationList section */

/* Begin XCRemoteSwiftPackageReference section */
		E3AD58312C26D4FC008D1AD6 /* XCRemoteSwiftPackageReference "SnapKit" */ = {
			isa = XCRemoteSwiftPackageReference;
			repositoryURL = "https://github.com/SnapKit/SnapKit";
			requirement = {
				kind = upToNextMajorVersion;
				minimumVersion = 5.7.1;
			};
		};
/* End XCRemoteSwiftPackageReference section */

/* Begin XCSwiftPackageProductDependency section */
		E3AD58322C26D4FC008D1AD6 /* SnapKit */ = {
			isa = XCSwiftPackageProductDependency;
			package = E3AD58312C26D4FC008D1AD6 /* XCRemoteSwiftPackageReference "SnapKit" */;
			productName = SnapKit;
		};
		E3AD58342C26D4FC008D1AD6 /* SnapKit-Dynamic */ = {
			isa = XCSwiftPackageProductDependency;
			package = E3AD58312C26D4FC008D1AD6 /* XCRemoteSwiftPackageReference "SnapKit" */;
			productName = "SnapKit-Dynamic";
		};
/* End XCSwiftPackageProductDependency section */
	};
	rootObject = E3AD580E2C26D1CB008D1AD6 /* Project object */;
}
